{
  "nodes": {
    "caddy": {
      "locked": {
        "lastModified": 1732948222,
        "narHash": "sha256-kUWyjeqkU+RHTHVXT61QF19eW2vnWgah5OcPrUlU8oU=",
        "owner": "vincentbernat",
        "repo": "caddy-nix",
        "rev": "9d13eb684b4ba1b2eb92e76f7ea1f517eccc4fe1",
        "type": "github"
      },
      "original": {
        "narHash": "sha256-kUWyjeqkU+RHTHVXT61QF19eW2vnWgah5OcPrUlU8oU=",
        "owner": "vincentbernat",
        "repo": "caddy-nix",
        "rev": "9d13eb684b4ba1b2eb92e76f7ea1f517eccc4fe1",
        "type": "github"
      }
    },
    "flake-utils": {
      "inputs": {
        "systems": "systems"
      },
      "locked": {
        "narHash": "sha256-l0KFg5HjrsfsO/JpG+r7fRrqm12kzFHyUHqHCVpMMbI=",
        "owner": "numtide",
        "repo": "flake-utils",
        "rev": "11707dc2f618dd54ca8739b309ec4fc024de578b",
        "type": "github"
      },
      "original": {
        "narHash": "sha256-l0KFg5HjrsfsO/JpG+r7fRrqm12kzFHyUHqHCVpMMbI=",
        "owner": "numtide",
        "repo": "flake-utils",
        "rev": "11707dc2f618dd54ca8739b309ec4fc024de578b",
        "type": "github"
      }
    },
    "nixpkgs": {
      "locked": {
        "lastModified": 1733550349,
        "narHash": "sha256-NcGumB4Lr6KSDq+nIqXtNA8QwAQKDSZT7N9OTGWbTrs=",
        "owner": "NixOS",
        "repo": "nixpkgs",
        "rev": "e2605d0744c2417b09f8bf850dfca42fcf537d34",
        "type": "github"
      },
      "original": {
        "owner": "NixOS",
        "ref": "nixos-24.11",
        "repo": "nixpkgs",
        "type": "github"
      }
    },
    "root": {
      "inputs": {
        "nixpkgs": "nixpkgs",
        "site-builder": "site-builder"
      }
    },
    "site-builder": {
      "inputs": {
        "caddy": "caddy",
        "flake-utils": "flake-utils",
        "nixpkgs": [
          "nixpkgs"
        ]
      },
      "locked": {
        "lastModified": 1733880965,
        "narHash": "sha256-Q/xRquq/qDvvk3J0DDqNirzopFBwoKhKs/vAKEnVctk=",
        "ref": "refs/heads/main",
        "rev": "643ab8e4205a6acebfb3dd2e2eda847f583f8550",
        "revCount": 75,
        "type": "git",
        "url": "https://git.chobble.com/chobble/nixos-site-builder"
      },
      "original": {
        "type": "git",
        "url": "https://git.chobble.com/chobble/nixos-site-builder"
      }
    },
    "systems": {
      "locked": {
        "lastModified": 1681028828,
        "narHash": "sha256-Vy1rq5AaRuLzOxct8nz4T6wlgyUR7zLU309k9mBC768=",
        "owner": "nix-systems",
        "repo": "default",
        "rev": "da67096a3b9bf56a91d16901293e51ba5b49a27e",
        "type": "github"
      },
      "original": {
        "owner": "nix-systems",
        "repo": "default",
        "type": "github"
      }
    }
  },
  "root": "root",
  "version": 7
}
