{
  "nodes": {
    "caddy": {
      "locked": {
        "lastModified": 1732948222,
        "narHash": "sha256-kUWyjeqkU+RHTHVXT61QF19eW2vnWgah5OcPrUlU8oU=",
        "owner": "vincentbernat",
        "repo": "caddy-nix",
        "rev": "9d13eb684b4ba1b2eb92e76f7ea1f517eccc4fe1",
        "type": "github"
      },
      "original": {
        "narHash": "sha256-kUWyjeqkU+RHTHVXT61QF19eW2vnWgah5OcPrUlU8oU=",
        "owner": "vincentbernat",
        "repo": "caddy-nix",
        "rev": "9d13eb684b4ba1b2eb92e76f7ea1f517eccc4fe1",
        "type": "github"
      }
    },
    "flake-utils": {
      "inputs": {
        "systems": "systems"
      },
      "locked": {
        "narHash": "sha256-l0KFg5HjrsfsO/JpG+r7fRrqm12kzFHyUHqHCVpMMbI=",
        "owner": "numtide",
        "repo": "flake-utils",
        "rev": "11707dc2f618dd54ca8739b309ec4fc024de578b",
        "type": "github"
      },
      "original": {
        "narHash": "sha256-l0KFg5HjrsfsO/JpG+r7fRrqm12kzFHyUHqHCVpMMbI=",
        "owner": "numtide",
        "repo": "flake-utils",
        "rev": "11707dc2f618dd54ca8739b309ec4fc024de578b",
        "type": "github"
      }
    },
    "nixpkgs": {
      "locked": {
        "lastModified": 0,
        "narHash": "sha256-5fNndbndxSx5d+C/D0p/VF32xDiJCJzyOqorOYW4JEo=",
        "path": "/nix/store/0xbni69flk8380w0apw4h640n37wn1i9-source",
        "type": "path"
      },
      "original": {
        "id": "nixpkgs",
        "type": "indirect"
      }
    },
    "nixpkgs-25_05": {
      "locked": {
        "lastModified": 1764939437,
        "narHash": "sha256-4TLFHUwXraw9Df5mXC/vCrJgb50CRr3CzUzF0Mn3CII=",
        "owner": "NixOS",
        "repo": "nixpkgs",
        "rev": "00d2457e2f608b4be6fe8b470b0a36816324b0ae",
        "type": "github"
      },
      "original": {
        "owner": "NixOS",
        "ref": "nixos-25.05",
        "repo": "nixpkgs",
        "type": "github"
      }
    },
    "nixpkgs_2": {
      "locked": {
        "lastModified": 1751274312,
        "narHash": "sha256-/bVBlRpECLVzjV19t5KMdMFWSwKLtb5RyXdjz3LJT+g=",
        "owner": "NixOS",
        "repo": "nixpkgs",
        "rev": "50ab793786d9de88ee30ec4e4c24fb4236fc2674",
        "type": "github"
      },
      "original": {
        "owner": "NixOS",
        "ref": "nixos-24.11",
        "repo": "nixpkgs",
        "type": "github"
      }
    },
    "root": {
      "inputs": {
        "nixpkgs": "nixpkgs",
        "nixpkgs-25_05": "nixpkgs-25_05",
        "site-builder": "site-builder"
      }
    },
    "site-builder": {
      "inputs": {
        "caddy": "caddy",
        "flake-utils": "flake-utils",
        "nixpkgs": "nixpkgs_2"
      },
      "locked": {
        "lastModified": 1734020695,
        "narHash": "sha256-E4cnfmf00RbEEmZ4KKhDYxbGIJz3gs/e8EJzRqCAtyc=",
        "ref": "refs/heads/main",
        "rev": "46e5e8e50edce34fcf0cb8d69594f1650199e6d5",
        "revCount": 79,
        "type": "git",
        "url": "https://git.chobble.com/chobble/nixos-site-builder"
      },
      "original": {
        "type": "git",
        "url": "https://git.chobble.com/chobble/nixos-site-builder"
      }
    },
    "systems": {
      "locked": {
        "lastModified": 1681028828,
        "narHash": "sha256-Vy1rq5AaRuLzOxct8nz4T6wlgyUR7zLU309k9mBC768=",
        "owner": "nix-systems",
        "repo": "default",
        "rev": "da67096a3b9bf56a91d16901293e51ba5b49a27e",
        "type": "github"
      },
      "original": {
        "owner": "nix-systems",
        "repo": "default",
        "type": "github"
      }
    }
  },
  "root": "root",
  "version": 7
}
